
Microsoft Visual Studio Solution File, Format Version 12.00
# Visual Studio Version 17
VisualStudioVersion = 17.0.31903.59
MinimumVisualStudioVersion = 10.0.40219.1
Project("{FAE04EC0-301F-11D3-BF4B-00C04F79EFBC}") = "HRMS.Api", "HRMS.Api\HRMS.Api.csproj", "{4FE06AA2-98FB-4583-822D-32DF870CB3C2}"
EndProject
Project("{FAE04EC0-301F-11D3-BF4B-00C04F79EFBC}") = "HRMS.Application", "HRMS.Application\HRMS.Application.csproj", "{3BA85A70-4BD0-4892-B27B-642E79C78631}"
EndProject
Project("{FAE04EC0-301F-11D3-BF4B-00C04F79EFBC}") = "HRMS.Domain", "HRMS.Domain\HRMS.Domain.csproj", "{4BBEC80A-701C-488C-92CB-A77571758259}"
EndProject
Project("{FAE04EC0-301F-11D3-BF4B-00C04F79EFBC}") = "HRMS.Infrastructure", "HRMS.Infrastructure\HRMS.Infrastructure.csproj", "{0216265A-8C78-44C7-A3B4-2471D3E826C0}"
EndProject
Project("{FAE04EC0-301F-11D3-BF4B-00C04F79EFBC}") = "HRMS.Persistence", "HRMS.Persistence\HRMS.Persistence.csproj", "{4745FF58-3B53-46E0-9F91-63DE5965C5E3}"
EndProject
Project("{FAE04EC0-301F-11D3-BF4B-00C04F79EFBC}") = "HRMS.Identity", "HRMS.Identity\HRMS.Identity.csproj", "{8A95945F-5F68-423B-A58E-B6771950B065}"
EndProject
Project("{FAE04EC0-301F-11D3-BF4B-00C04F79EFBC}") = "HRMS.Shared", "HRMS.Shared\HRMS.Shared.csproj", "{A8D65B1B-0CB7-4922-9FEA-CF41C65CFB62}"
EndProject
Project("{FAE04EC0-301F-11D3-BF4B-00C04F79EFBC}") = "HRMS.Tests", "HRMS.Tests\HRMS.Tests.csproj", "{99328CCC-00B4-42E5-A55D-56DC7653FD58}"
EndProject
Global
	GlobalSection(SolutionConfigurationPlatforms) = preSolution
		Debug|Any CPU = Debug|Any CPU
		Debug|x64 = Debug|x64
		Debug|x86 = Debug|x86
		Release|Any CPU = Release|Any CPU
		Release|x64 = Release|x64
		Release|x86 = Release|x86
	EndGlobalSection
	GlobalSection(ProjectConfigurationPlatforms) = postSolution
		{4FE06AA2-98FB-4583-822D-32DF870CB3C2}.Debug|Any CPU.ActiveCfg = Debug|Any CPU
		{4FE06AA2-98FB-4583-822D-32DF870CB3C2}.Debug|Any CPU.Build.0 = Debug|Any CPU
		{4FE06AA2-98FB-4583-822D-32DF870CB3C2}.Debug|x64.ActiveCfg = Debug|Any CPU
		{4FE06AA2-98FB-4583-822D-32DF870CB3C2}.Debug|x64.Build.0 = Debug|Any CPU
		{4FE06AA2-98FB-4583-822D-32DF870CB3C2}.Debug|x86.ActiveCfg = Debug|Any CPU
		{4FE06AA2-98FB-4583-822D-32DF870CB3C2}.Debug|x86.Build.0 = Debug|Any CPU
		{4FE06AA2-98FB-4583-822D-32DF870CB3C2}.Release|Any CPU.ActiveCfg = Release|Any CPU
		{4FE06AA2-98FB-4583-822D-32DF870CB3C2}.Release|Any CPU.Build.0 = Release|Any CPU
		{4FE06AA2-98FB-4583-822D-32DF870CB3C2}.Release|x64.ActiveCfg = Release|Any CPU
		{4FE06AA2-98FB-4583-822D-32DF870CB3C2}.Release|x64.Build.0 = Release|Any CPU
		{4FE06AA2-98FB-4583-822D-32DF870CB3C2}.Release|x86.ActiveCfg = Release|Any CPU
		{4FE06AA2-98FB-4583-822D-32DF870CB3C2}.Release|x86.Build.0 = Release|Any CPU
		{3BA85A70-4BD0-4892-B27B-642E79C78631}.Debug|Any CPU.ActiveCfg = Debug|Any CPU
		{3BA85A70-4BD0-4892-B27B-642E79C78631}.Debug|Any CPU.Build.0 = Debug|Any CPU
		{3BA85A70-4BD0-4892-B27B-642E79C78631}.Debug|x64.ActiveCfg = Debug|Any CPU
		{3BA85A70-4BD0-4892-B27B-642E79C78631}.Debug|x64.Build.0 = Debug|Any CPU
		{3BA85A70-4BD0-4892-B27B-642E79C78631}.Debug|x86.ActiveCfg = Debug|Any CPU
		{3BA85A70-4BD0-4892-B27B-642E79C78631}.Debug|x86.Build.0 = Debug|Any CPU
		{3BA85A70-4BD0-4892-B27B-642E79C78631}.Release|Any CPU.ActiveCfg = Release|Any CPU
		{3BA85A70-4BD0-4892-B27B-642E79C78631}.Release|Any CPU.Build.0 = Release|Any CPU
		{3BA85A70-4BD0-4892-B27B-642E79C78631}.Release|x64.ActiveCfg = Release|Any CPU
		{3BA85A70-4BD0-4892-B27B-642E79C78631}.Release|x64.Build.0 = Release|Any CPU
		{3BA85A70-4BD0-4892-B27B-642E79C78631}.Release|x86.ActiveCfg = Release|Any CPU
		{3BA85A70-4BD0-4892-B27B-642E79C78631}.Release|x86.Build.0 = Release|Any CPU
		{4BBEC80A-701C-488C-92CB-A77571758259}.Debug|Any CPU.ActiveCfg = Debug|Any CPU
		{4BBEC80A-701C-488C-92CB-A77571758259}.Debug|Any CPU.Build.0 = Debug|Any CPU
		{4BBEC80A-701C-488C-92CB-A77571758259}.Debug|x64.ActiveCfg = Debug|Any CPU
		{4BBEC80A-701C-488C-92CB-A77571758259}.Debug|x64.Build.0 = Debug|Any CPU
		{4BBEC80A-701C-488C-92CB-A77571758259}.Debug|x86.ActiveCfg = Debug|Any CPU
		{4BBEC80A-701C-488C-92CB-A77571758259}.Debug|x86.Build.0 = Debug|Any CPU
		{4BBEC80A-701C-488C-92CB-A77571758259}.Release|Any CPU.ActiveCfg = Release|Any CPU
		{4BBEC80A-701C-488C-92CB-A77571758259}.Release|Any CPU.Build.0 = Release|Any CPU
		{4BBEC80A-701C-488C-92CB-A77571758259}.Release|x64.ActiveCfg = Release|Any CPU
		{4BBEC80A-701C-488C-92CB-A77571758259}.Release|x64.Build.0 = Release|Any CPU
		{4BBEC80A-701C-488C-92CB-A77571758259}.Release|x86.ActiveCfg = Release|Any CPU
		{4BBEC80A-701C-488C-92CB-A77571758259}.Release|x86.Build.0 = Release|Any CPU
		{0216265A-8C78-44C7-A3B4-2471D3E826C0}.Debug|Any CPU.ActiveCfg = Debug|Any CPU
		{0216265A-8C78-44C7-A3B4-2471D3E826C0}.Debug|Any CPU.Build.0 = Debug|Any CPU
		{0216265A-8C78-44C7-A3B4-2471D3E826C0}.Debug|x64.ActiveCfg = Debug|Any CPU
		{0216265A-8C78-44C7-A3B4-2471D3E826C0}.Debug|x64.Build.0 = Debug|Any CPU
		{0216265A-8C78-44C7-A3B4-2471D3E826C0}.Debug|x86.ActiveCfg = Debug|Any CPU
		{0216265A-8C78-44C7-A3B4-2471D3E826C0}.Debug|x86.Build.0 = Debug|Any CPU
		{0216265A-8C78-44C7-A3B4-2471D3E826C0}.Release|Any CPU.ActiveCfg = Release|Any CPU
		{0216265A-8C78-44C7-A3B4-2471D3E826C0}.Release|Any CPU.Build.0 = Release|Any CPU
		{0216265A-8C78-44C7-A3B4-2471D3E826C0}.Release|x64.ActiveCfg = Release|Any CPU
		{0216265A-8C78-44C7-A3B4-2471D3E826C0}.Release|x64.Build.0 = Release|Any CPU
		{0216265A-8C78-44C7-A3B4-2471D3E826C0}.Release|x86.ActiveCfg = Release|Any CPU
		{0216265A-8C78-44C7-A3B4-2471D3E826C0}.Release|x86.Build.0 = Release|Any CPU
		{4745FF58-3B53-46E0-9F91-63DE5965C5E3}.Debug|Any CPU.ActiveCfg = Debug|Any CPU
		{4745FF58-3B53-46E0-9F91-63DE5965C5E3}.Debug|Any CPU.Build.0 = Debug|Any CPU
		{4745FF58-3B53-46E0-9F91-63DE5965C5E3}.Debug|x64.ActiveCfg = Debug|Any CPU
		{4745FF58-3B53-46E0-9F91-63DE5965C5E3}.Debug|x64.Build.0 = Debug|Any CPU
		{4745FF58-3B53-46E0-9F91-63DE5965C5E3}.Debug|x86.ActiveCfg = Debug|Any CPU
		{4745FF58-3B53-46E0-9F91-63DE5965C5E3}.Debug|x86.Build.0 = Debug|Any CPU
		{4745FF58-3B53-46E0-9F91-63DE5965C5E3}.Release|Any CPU.ActiveCfg = Release|Any CPU
		{4745FF58-3B53-46E0-9F91-63DE5965C5E3}.Release|Any CPU.Build.0 = Release|Any CPU
		{4745FF58-3B53-46E0-9F91-63DE5965C5E3}.Release|x64.ActiveCfg = Release|Any CPU
		{4745FF58-3B53-46E0-9F91-63DE5965C5E3}.Release|x64.Build.0 = Release|Any CPU
		{4745FF58-3B53-46E0-9F91-63DE5965C5E3}.Release|x86.ActiveCfg = Release|Any CPU
		{4745FF58-3B53-46E0-9F91-63DE5965C5E3}.Release|x86.Build.0 = Release|Any CPU
		{8A95945F-5F68-423B-A58E-B6771950B065}.Debug|Any CPU.ActiveCfg = Debug|Any CPU
		{8A95945F-5F68-423B-A58E-B6771950B065}.Debug|Any CPU.Build.0 = Debug|Any CPU
		{8A95945F-5F68-423B-A58E-B6771950B065}.Debug|x64.ActiveCfg = Debug|Any CPU
		{8A95945F-5F68-423B-A58E-B6771950B065}.Debug|x64.Build.0 = Debug|Any CPU
		{8A95945F-5F68-423B-A58E-B6771950B065}.Debug|x86.ActiveCfg = Debug|Any CPU
		{8A95945F-5F68-423B-A58E-B6771950B065}.Debug|x86.Build.0 = Debug|Any CPU
		{8A95945F-5F68-423B-A58E-B6771950B065}.Release|Any CPU.ActiveCfg = Release|Any CPU
		{8A95945F-5F68-423B-A58E-B6771950B065}.Release|Any CPU.Build.0 = Release|Any CPU
		{8A95945F-5F68-423B-A58E-B6771950B065}.Release|x64.ActiveCfg = Release|Any CPU
		{8A95945F-5F68-423B-A58E-B6771950B065}.Release|x64.Build.0 = Release|Any CPU
		{8A95945F-5F68-423B-A58E-B6771950B065}.Release|x86.ActiveCfg = Release|Any CPU
		{8A95945F-5F68-423B-A58E-B6771950B065}.Release|x86.Build.0 = Release|Any CPU
		{A8D65B1B-0CB7-4922-9FEA-CF41C65CFB62}.Debug|Any CPU.ActiveCfg = Debug|Any CPU
		{A8D65B1B-0CB7-4922-9FEA-CF41C65CFB62}.Debug|Any CPU.Build.0 = Debug|Any CPU
		{A8D65B1B-0CB7-4922-9FEA-CF41C65CFB62}.Debug|x64.ActiveCfg = Debug|Any CPU
		{A8D65B1B-0CB7-4922-9FEA-CF41C65CFB62}.Debug|x64.Build.0 = Debug|Any CPU
		{A8D65B1B-0CB7-4922-9FEA-CF41C65CFB62}.Debug|x86.ActiveCfg = Debug|Any CPU
		{A8D65B1B-0CB7-4922-9FEA-CF41C65CFB62}.Debug|x86.Build.0 = Debug|Any CPU
		{A8D65B1B-0CB7-4922-9FEA-CF41C65CFB62}.Release|Any CPU.ActiveCfg = Release|Any CPU
		{A8D65B1B-0CB7-4922-9FEA-CF41C65CFB62}.Release|Any CPU.Build.0 = Release|Any CPU
		{A8D65B1B-0CB7-4922-9FEA-CF41C65CFB62}.Release|x64.ActiveCfg = Release|Any CPU
		{A8D65B1B-0CB7-4922-9FEA-CF41C65CFB62}.Release|x64.Build.0 = Release|Any CPU
		{A8D65B1B-0CB7-4922-9FEA-CF41C65CFB62}.Release|x86.ActiveCfg = Release|Any CPU
		{A8D65B1B-0CB7-4922-9FEA-CF41C65CFB62}.Release|x86.Build.0 = Release|Any CPU
		{99328CCC-00B4-42E5-A55D-56DC7653FD58}.Debug|Any CPU.ActiveCfg = Debug|Any CPU
		{99328CCC-00B4-42E5-A55D-56DC7653FD58}.Debug|Any CPU.Build.0 = Debug|Any CPU
		{99328CCC-00B4-42E5-A55D-56DC7653FD58}.Debug|x64.ActiveCfg = Debug|Any CPU
		{99328CCC-00B4-42E5-A55D-56DC7653FD58}.Debug|x64.Build.0 = Debug|Any CPU
		{99328CCC-00B4-42E5-A55D-56DC7653FD58}.Debug|x86.ActiveCfg = Debug|Any CPU
		{99328CCC-00B4-42E5-A55D-56DC7653FD58}.Debug|x86.Build.0 = Debug|Any CPU
		{99328CCC-00B4-42E5-A55D-56DC7653FD58}.Release|Any CPU.ActiveCfg = Release|Any CPU
		{99328CCC-00B4-42E5-A55D-56DC7653FD58}.Release|Any CPU.Build.0 = Release|Any CPU
		{99328CCC-00B4-42E5-A55D-56DC7653FD58}.Release|x64.ActiveCfg = Release|Any CPU
		{99328CCC-00B4-42E5-A55D-56DC7653FD58}.Release|x64.Build.0 = Release|Any CPU
		{99328CCC-00B4-42E5-A55D-56DC7653FD58}.Release|x86.ActiveCfg = Release|Any CPU
		{99328CCC-00B4-42E5-A55D-56DC7653FD58}.Release|x86.Build.0 = Release|Any CPU
	EndGlobalSection
	GlobalSection(SolutionProperties) = preSolution
		HideSolutionNode = FALSE
	EndGlobalSection
EndGlobal
